
Microsoft Visual Studio Solution File, Format Version 12.00
# Visual Studio Version 16
VisualStudioVersion = 16.0.31702.278
MinimumVisualStudioVersion = 10.0.40219.1
Project("{FAE04EC0-301F-11D3-BF4B-00C04F79EFBC}") = "Calculator", "Calculator\Calculator.csproj", "{AEC829B2-A54C-409D-A95B-306719191CCC}"
EndProject
Global
	GlobalSection(SolutionConfigurationPlatforms) = preSolution
		Debug|Any CPU = Debug|Any CPU
		Release|Any CPU = Release|Any CPU
	EndGlobalSection
	GlobalSection(ProjectConfigurationPlatforms) = postSolution
		{AEC829B2-A54C-409D-A95B-306719191CCC}.Debug|Any CPU.ActiveCfg = Debug|Any CPU
		{AEC829B2-A54C-409D-A95B-306719191CCC}.Debug|Any CPU.Build.0 = Debug|Any CPU
		{AEC829B2-A54C-409D-A95B-306719191CCC}.Release|Any CPU.ActiveCfg = Release|Any CPU
		{AEC829B2-A54C-409D-A95B-306719191CCC}.Release|Any CPU.Build.0 = Release|Any CPU
	EndGlobalSection
	GlobalSection(SolutionProperties) = preSolution
		HideSolutionNode = FALSE
	EndGlobalSection
	GlobalSection(ExtensibilityGlobals) = postSolution
		SolutionGuid = {839BFC0F-C13A-4883-A351-30BB30CCA55B}
	EndGlobalSection
EndGlobal
